
Microsoft Visual Studio Solution File, Format Version 12.00
# Visual Studio Version 16
VisualStudioVersion = 16.0.30320.27
MinimumVisualStudioVersion = 10.0.40219.1
Project("{FAE04EC0-301F-11D3-BF4B-00C04F79EFBC}") = "ReadFromFile", "ReadFromFile.csproj", "{22C79A23-8EB3-4FEE-A088-11B0FAE05786}"
EndProject
Global
	GlobalSection(SolutionConfigurationPlatforms) = preSolution
		Debug|Any CPU = Debug|Any CPU
		Release|Any CPU = Release|Any CPU
	EndGlobalSection
	GlobalSection(ProjectConfigurationPlatforms) = postSolution
		{22C79A23-8EB3-4FEE-A088-11B0FAE05786}.Debug|Any CPU.ActiveCfg = Debug|Any CPU
		{22C79A23-8EB3-4FEE-A088-11B0FAE05786}.Debug|Any CPU.Build.0 = Debug|Any CPU
		{22C79A23-8EB3-4FEE-A088-11B0FAE05786}.Release|Any CPU.ActiveCfg = Release|Any CPU
		{22C79A23-8EB3-4FEE-A088-11B0FAE05786}.Release|Any CPU.Build.0 = Release|Any CPU
	EndGlobalSection
	GlobalSection(SolutionProperties) = preSolution
		HideSolutionNode = FALSE
	EndGlobalSection
	GlobalSection(ExtensibilityGlobals) = postSolution
		SolutionGuid = {6656F7AE-9C5C-4B96-A7C9-D0E49E965333}
	EndGlobalSection
EndGlobal
